{
	"version": "0.17.6",
	"name": "constellate-utils",
	"lockfileVersion": 1,
	"requires": true,
	"dependencies": {
		"deepmerge": {
			"version": "1.5.0",
			"resolved": "https://registry.npmjs.org/deepmerge/-/deepmerge-1.5.0.tgz",
			"integrity": "sha512-Hm4+NyDQGgH3oYhKqR0gd99veBBZpnEUNoEfFl+3PRkQL+LKGJEBgqimeofAWzUn6aBzcaYPJrRigto/WfDzTg=="
		},
		"fs-extra": {
			"version": "4.0.1",
			"resolved": "https://registry.npmjs.org/fs-extra/-/fs-extra-4.0.1.tgz",
			"integrity": "sha1-f8DGyJV/mD9X8waiTlud3Y0N2IA=",
			"requires": {
				"graceful-fs": "4.1.11",
				"jsonfile": "3.0.1",
				"universalify": "0.1.1"
			}
		},
		"graceful-fs": {
			"version": "4.1.11",
			"resolved": "https://registry.npmjs.org/graceful-fs/-/graceful-fs-4.1.11.tgz",
			"integrity": "sha1-Dovf5NHduIVNZOBOp8AOKgJuVlg="
		},
		"jsonfile": {
			"version": "3.0.1",
			"resolved": "https://registry.npmjs.org/jsonfile/-/jsonfile-3.0.1.tgz",
			"integrity": "sha1-pezG9l9T9mLEQVx2daAzHQmS7GY=",
			"requires": {
				"graceful-fs": "4.1.11"
			}
		},
		"universalify": {
			"version": "0.1.1",
			"resolved": "https://registry.npmjs.org/universalify/-/universalify-0.1.1.tgz",
			"integrity": "sha1-+nG63UQ3r0wUiEHjs7Fl+enlkLc="
		}
	}
}
