{
	"name": "create-constellate-app",
	"version": "0.22.3",
	"lockfileVersion": 1,
	"requires": true,
	"dependencies": {
		"ansi-regex": {
			"version": "3.0.0",
			"resolved": "https://registry.npmjs.org/ansi-regex/-/ansi-regex-3.0.0.tgz",
			"integrity": "sha1-7QMXwyIGT3lGbAKWa922Bas32Zg="
		},
		"ansi-styles": {
			"version": "3.2.1",
			"resolved": "https://registry.npmjs.org/ansi-styles/-/ansi-styles-3.2.1.tgz",
			"integrity": "sha512-VT0ZI6kZRdTh8YyJw3SMbYm/u+NqfsAxEpWO0Pf9sq8/e94WxxOpPKx9FR1FlyCtOVDNOQ+8ntlqFxiRc+r5qA==",
			"requires": {
				"color-convert": "1.9.1"
			}
		},
		"balanced-match": {
			"version": "1.0.0",
			"resolved": "https://registry.npmjs.org/balanced-match/-/balanced-match-1.0.0.tgz",
			"integrity": "sha1-ibTRmasr7kneFk6gK4nORi1xt2c="
		},
		"brace-expansion": {
			"version": "1.1.11",
			"resolved": "https://registry.npmjs.org/brace-expansion/-/brace-expansion-1.1.11.tgz",
			"integrity": "sha512-iCuPHDFgrHX7H2vEI/5xpz07zSHB00TpugqhmYtVmMO6518mCuRMoOYFldEBl0g187ufozdaHgWKcYFb61qGiA==",
			"requires": {
				"balanced-match": "1.0.0",
				"concat-map": "0.0.1"
			}
		},
		"chalk": {
			"version": "2.3.2",
			"resolved": "https://registry.npmjs.org/chalk/-/chalk-2.3.2.tgz",
			"integrity": "sha512-ZM4j2/ld/YZDc3Ma8PgN7gyAk+kHMMMyzLNryCPGhWrsfAuDVeuid5bpRFTDgMH9JBK2lA4dyyAkkZYF/WcqDQ==",
			"requires": {
				"ansi-styles": "3.2.1",
				"escape-string-regexp": "1.0.5",
				"supports-color": "5.3.0"
			}
		},
		"cli-cursor": {
			"version": "2.1.0",
			"resolved": "https://registry.npmjs.org/cli-cursor/-/cli-cursor-2.1.0.tgz",
			"integrity": "sha1-s12sN2R5+sw+lHR9QdDQ9SOP/LU=",
			"requires": {
				"restore-cursor": "2.0.0"
			}
		},
		"cli-spinners": {
			"version": "1.1.0",
			"resolved": "https://registry.npmjs.org/cli-spinners/-/cli-spinners-1.1.0.tgz",
			"integrity": "sha1-8YR7FohE2RemceudFH499JfJDQY="
		},
		"clone": {
			"version": "1.0.3",
			"resolved": "https://registry.npmjs.org/clone/-/clone-1.0.3.tgz",
			"integrity": "sha1-KY1+IjFmD0DAA8LtMUDezz9TCF8="
		},
		"color-convert": {
			"version": "1.9.1",
			"resolved": "https://registry.npmjs.org/color-convert/-/color-convert-1.9.1.tgz",
			"integrity": "sha512-mjGanIiwQJskCC18rPR6OmrZ6fm2Lc7PeGFYwCmy5J34wC6F1PzdGL6xeMfmgicfYcNLGuVFA3WzXtIDCQSZxQ==",
			"requires": {
				"color-name": "1.1.3"
			}
		},
		"color-name": {
			"version": "1.1.3",
			"resolved": "https://registry.npmjs.org/color-name/-/color-name-1.1.3.tgz",
			"integrity": "sha1-p9BVi9icQveV3UIyj3QIMcpTvCU="
		},
		"commander": {
			"version": "2.15.0",
			"resolved": "https://registry.npmjs.org/commander/-/commander-2.15.0.tgz",
			"integrity": "sha512-7B1ilBwtYSbetCgTY1NJFg+gVpestg0fdA1MhC1Vs4ssyfSXnCAjFr+QcQM9/RedXC0EaUx1sG8Smgw2VfgKEg=="
		},
		"concat-map": {
			"version": "0.0.1",
			"resolved": "https://registry.npmjs.org/concat-map/-/concat-map-0.0.1.tgz",
			"integrity": "sha1-2Klr13/Wjfd5OnMDajug1UBdR3s="
		},
		"copy-template-dir": {
			"version": "1.3.0",
			"resolved": "https://registry.npmjs.org/copy-template-dir/-/copy-template-dir-1.3.0.tgz",
			"integrity": "sha1-tYABDHit4RaluO0pqISPr3wWUHQ=",
			"requires": {
				"end-of-stream": "1.4.1",
				"graceful-fs": "4.1.11",
				"maxstache": "1.0.7",
				"maxstache-stream": "1.0.4",
				"mkdirp": "0.5.1",
				"noop2": "2.0.0",
				"pump": "1.0.3",
				"readdirp": "2.1.0",
				"run-parallel": "1.1.7"
			}
		},
		"core-util-is": {
			"version": "1.0.2",
			"resolved": "https://registry.npmjs.org/core-util-is/-/core-util-is-1.0.2.tgz",
			"integrity": "sha1-tf1UIgqivFq1eqtxQMlAdUUDwac="
		},
		"cross-spawn": {
			"version": "5.1.0",
			"resolved": "https://registry.npmjs.org/cross-spawn/-/cross-spawn-5.1.0.tgz",
			"integrity": "sha1-6L0O/uWPz/b4+UUQoKVUu/ojVEk=",
			"requires": {
				"lru-cache": "4.1.2",
				"shebang-command": "1.2.0",
				"which": "1.3.0"
			}
		},
		"dedent": {
			"version": "0.7.0",
			"resolved": "https://registry.npmjs.org/dedent/-/dedent-0.7.0.tgz",
			"integrity": "sha1-JJXduvbrh0q7Dhvp3yLS5aVEMmw="
		},
		"defaults": {
			"version": "1.0.3",
			"resolved": "https://registry.npmjs.org/defaults/-/defaults-1.0.3.tgz",
			"integrity": "sha1-xlYFHpgX2f8I7YgUd/P+QBnz730=",
			"requires": {
				"clone": "1.0.3"
			}
		},
		"end-of-stream": {
			"version": "1.4.1",
			"resolved": "https://registry.npmjs.org/end-of-stream/-/end-of-stream-1.4.1.tgz",
			"integrity": "sha512-1MkrZNvWTKCaigbn+W15elq2BB/L22nqrSY5DKlo3X6+vclJm8Bb5djXJBmEX6fS3+zCh/F4VBK5Z2KxJt4s2Q==",
			"requires": {
				"once": "1.4.0"
			}
		},
		"escape-string-regexp": {
			"version": "1.0.5",
			"resolved": "https://registry.npmjs.org/escape-string-regexp/-/escape-string-regexp-1.0.5.tgz",
			"integrity": "sha1-G2HAViGQqN/2rjuyzwIAyhMLhtQ="
		},
		"execa": {
			"version": "0.9.0",
			"resolved": "https://registry.npmjs.org/execa/-/execa-0.9.0.tgz",
			"integrity": "sha512-BbUMBiX4hqiHZUA5+JujIjNb6TyAlp2D5KLheMjMluwOuzcnylDL4AxZYLLn1n2AGB49eSWwyKvvEQoRpnAtmA==",
			"requires": {
				"cross-spawn": "5.1.0",
				"get-stream": "3.0.0",
				"is-stream": "1.1.0",
				"npm-run-path": "2.0.2",
				"p-finally": "1.0.0",
				"signal-exit": "3.0.2",
				"strip-eof": "1.0.0"
			}
		},
		"fs-extra": {
			"version": "5.0.0",
			"resolved": "https://registry.npmjs.org/fs-extra/-/fs-extra-5.0.0.tgz",
			"integrity": "sha512-66Pm4RYbjzdyeuqudYqhFiNBbCIuI9kgRqLPSHIlXHidW8NIQtVdkM1yeZ4lXwuhbTETv3EUGMNHAAw6hiundQ==",
			"requires": {
				"graceful-fs": "4.1.11",
				"jsonfile": "4.0.0",
				"universalify": "0.1.1"
			}
		},
		"get-stream": {
			"version": "3.0.0",
			"resolved": "https://registry.npmjs.org/get-stream/-/get-stream-3.0.0.tgz",
			"integrity": "sha1-jpQ9E1jcN1VQVOy+LtsFqhdO3hQ="
		},
		"graceful-fs": {
			"version": "4.1.11",
			"resolved": "https://registry.npmjs.org/graceful-fs/-/graceful-fs-4.1.11.tgz",
			"integrity": "sha1-Dovf5NHduIVNZOBOp8AOKgJuVlg="
		},
		"has-flag": {
			"version": "3.0.0",
			"resolved": "https://registry.npmjs.org/has-flag/-/has-flag-3.0.0.tgz",
			"integrity": "sha1-tdRU3CGZriJWmfNGfloH87lVuv0="
		},
		"inherits": {
			"version": "2.0.3",
			"resolved": "https://registry.npmjs.org/inherits/-/inherits-2.0.3.tgz",
			"integrity": "sha1-Yzwsg+PaQqUC9SRmAiSA9CCCYd4="
		},
		"is-stream": {
			"version": "1.1.0",
			"resolved": "https://registry.npmjs.org/is-stream/-/is-stream-1.1.0.tgz",
			"integrity": "sha1-EtSj3U5o4Lec6428hBc66A2RykQ="
		},
		"isarray": {
			"version": "1.0.0",
			"resolved": "https://registry.npmjs.org/isarray/-/isarray-1.0.0.tgz",
			"integrity": "sha1-u5NdSFgsuhaMBoNJV6VKPgcSTxE="
		},
		"isexe": {
			"version": "2.0.0",
			"resolved": "https://registry.npmjs.org/isexe/-/isexe-2.0.0.tgz",
			"integrity": "sha1-6PvzdNxVb/iUehDcsFctYz8s+hA="
		},
		"jsonfile": {
			"version": "4.0.0",
			"resolved": "https://registry.npmjs.org/jsonfile/-/jsonfile-4.0.0.tgz",
			"integrity": "sha1-h3Gq4HmbZAdrdmQPygWPnBDjPss=",
			"requires": {
				"graceful-fs": "4.1.11"
			}
		},
		"log-symbols": {
			"version": "2.2.0",
			"resolved": "https://registry.npmjs.org/log-symbols/-/log-symbols-2.2.0.tgz",
			"integrity": "sha512-VeIAFslyIerEJLXHziedo2basKbMKtTw3vfn5IzG0XTjhAVEJyNHnL2p7vc+wBDSdQuUpNw3M2u6xb9QsAY5Eg==",
			"requires": {
				"chalk": "2.3.2"
			}
		},
		"lru-cache": {
			"version": "4.1.2",
			"resolved": "https://registry.npmjs.org/lru-cache/-/lru-cache-4.1.2.tgz",
			"integrity": "sha512-wgeVXhrDwAWnIF/yZARsFnMBtdFXOg1b8RIrhilp+0iDYN4mdQcNZElDZ0e4B64BhaxeQ5zN7PMyvu7we1kPeQ==",
			"requires": {
				"pseudomap": "1.0.2",
				"yallist": "2.1.2"
			}
		},
		"maxstache": {
			"version": "1.0.7",
			"resolved": "https://registry.npmjs.org/maxstache/-/maxstache-1.0.7.tgz",
			"integrity": "sha1-IjHVGAung9Xs/DHEX+2seuQnaYQ="
		},
		"maxstache-stream": {
			"version": "1.0.4",
			"resolved": "https://registry.npmjs.org/maxstache-stream/-/maxstache-stream-1.0.4.tgz",
			"integrity": "sha1-nH9cq35f3S2Q2oYUO06WMeoygEA=",
			"requires": {
				"maxstache": "1.0.7",
				"pump": "1.0.3",
				"split2": "1.1.1",
				"through2": "2.0.3"
			}
		},
		"mimic-fn": {
			"version": "1.2.0",
			"resolved": "https://registry.npmjs.org/mimic-fn/-/mimic-fn-1.2.0.tgz",
			"integrity": "sha512-jf84uxzwiuiIVKiOLpfYk7N46TSy8ubTonmneY9vrpHNAnp0QBt2BxWV9dO3/j+BoVAb+a5G6YDPW3M5HOdMWQ=="
		},
		"minimatch": {
			"version": "3.0.4",
			"resolved": "https://registry.npmjs.org/minimatch/-/minimatch-3.0.4.tgz",
			"integrity": "sha512-yJHVQEhyqPLUTgt9B83PXu6W3rx4MvvHvSUvToogpwoGDOUQ+yDrR0HRot+yOCdCO7u4hX3pWft6kWBBcqh0UA==",
			"requires": {
				"brace-expansion": "1.1.11"
			}
		},
		"minimist": {
			"version": "0.0.8",
			"resolved": "https://registry.npmjs.org/minimist/-/minimist-0.0.8.tgz",
			"integrity": "sha1-hX/Kv8M5fSYluCKCYuhqp6ARsF0="
		},
		"mkdirp": {
			"version": "0.5.1",
			"resolved": "https://registry.npmjs.org/mkdirp/-/mkdirp-0.5.1.tgz",
			"integrity": "sha1-MAV0OOrGz3+MR2fzhkjWaX11yQM=",
			"requires": {
				"minimist": "0.0.8"
			}
		},
		"noop2": {
			"version": "2.0.0",
			"resolved": "https://registry.npmjs.org/noop2/-/noop2-2.0.0.tgz",
			"integrity": "sha1-S2NgFemIK1R4PAK0EvaZ2MXNCls="
		},
		"npm-run-path": {
			"version": "2.0.2",
			"resolved": "https://registry.npmjs.org/npm-run-path/-/npm-run-path-2.0.2.tgz",
			"integrity": "sha1-NakjLfo11wZ7TLLd8jV7GHFTbF8=",
			"requires": {
				"path-key": "2.0.1"
			}
		},
		"once": {
			"version": "1.4.0",
			"resolved": "https://registry.npmjs.org/once/-/once-1.4.0.tgz",
			"integrity": "sha1-WDsap3WWHUsROsF9nFC6753Xa9E=",
			"requires": {
				"wrappy": "1.0.2"
			}
		},
		"onetime": {
			"version": "2.0.1",
			"resolved": "https://registry.npmjs.org/onetime/-/onetime-2.0.1.tgz",
			"integrity": "sha1-BnQoIw/WdEOyeUsiu6UotoZ5YtQ=",
			"requires": {
				"mimic-fn": "1.2.0"
			}
		},
		"ora": {
			"version": "2.0.0",
			"resolved": "https://registry.npmjs.org/ora/-/ora-2.0.0.tgz",
			"integrity": "sha512-g+IR0nMUXq1k4nE3gkENbN4wkF0XsVZFyxznTF6CdmwQ9qeTGONGpSR9LM5//1l0TVvJoJF3MkMtJp6slUsWFg==",
			"requires": {
				"chalk": "2.3.2",
				"cli-cursor": "2.1.0",
				"cli-spinners": "1.1.0",
				"log-symbols": "2.2.0",
				"strip-ansi": "4.0.0",
				"wcwidth": "1.0.1"
			}
		},
		"p-finally": {
			"version": "1.0.0",
			"resolved": "https://registry.npmjs.org/p-finally/-/p-finally-1.0.0.tgz",
			"integrity": "sha1-P7z7FbiZpEEjs0ttzBi3JDNqLK4="
		},
		"path-key": {
			"version": "2.0.1",
			"resolved": "https://registry.npmjs.org/path-key/-/path-key-2.0.1.tgz",
			"integrity": "sha1-QRyttXTFoUDTpLGRDUDYDMn0C0A="
		},
		"pify": {
			"version": "3.0.0",
			"resolved": "https://registry.npmjs.org/pify/-/pify-3.0.0.tgz",
			"integrity": "sha1-5aSs0sEB/fPZpNB/DbxNtJ3SgXY="
		},
		"process-nextick-args": {
			"version": "2.0.0",
			"resolved": "https://registry.npmjs.org/process-nextick-args/-/process-nextick-args-2.0.0.tgz",
			"integrity": "sha512-MtEC1TqN0EU5nephaJ4rAtThHtC86dNN9qCuEhtshvpVBkAW5ZO7BASN9REnF9eoXGcRub+pFuKEpOHE+HbEMw=="
		},
		"pseudomap": {
			"version": "1.0.2",
			"resolved": "https://registry.npmjs.org/pseudomap/-/pseudomap-1.0.2.tgz",
			"integrity": "sha1-8FKijacOYYkX7wqKw0wa5aaChrM="
		},
		"pump": {
			"version": "1.0.3",
			"resolved": "https://registry.npmjs.org/pump/-/pump-1.0.3.tgz",
			"integrity": "sha512-8k0JupWme55+9tCVE+FS5ULT3K6AbgqrGa58lTT49RpyfwwcGedHqaC5LlQNdEAumn/wFsu6aPwkuPMioy8kqw==",
			"requires": {
				"end-of-stream": "1.4.1",
				"once": "1.4.0"
			}
		},
		"readable-stream": {
			"version": "2.3.5",
			"resolved": "https://registry.npmjs.org/readable-stream/-/readable-stream-2.3.5.tgz",
			"integrity": "sha512-tK0yDhrkygt/knjowCUiWP9YdV7c5R+8cR0r/kt9ZhBU906Fs6RpQJCEilamRJj1Nx2rWI6LkW9gKqjTkshhEw==",
			"requires": {
				"core-util-is": "1.0.2",
				"inherits": "2.0.3",
				"isarray": "1.0.0",
				"process-nextick-args": "2.0.0",
				"safe-buffer": "5.1.1",
				"string_decoder": "1.0.3",
				"util-deprecate": "1.0.2"
			}
		},
		"readdirp": {
			"version": "2.1.0",
			"resolved": "https://registry.npmjs.org/readdirp/-/readdirp-2.1.0.tgz",
			"integrity": "sha1-TtCtBg3zBzMAxIRANz9y0cxkLXg=",
			"requires": {
				"graceful-fs": "4.1.11",
				"minimatch": "3.0.4",
				"readable-stream": "2.3.5",
				"set-immediate-shim": "1.0.1"
			}
		},
		"restore-cursor": {
			"version": "2.0.0",
			"resolved": "https://registry.npmjs.org/restore-cursor/-/restore-cursor-2.0.0.tgz",
			"integrity": "sha1-n37ih/gv0ybU/RYpI9YhKe7g368=",
			"requires": {
				"onetime": "2.0.1",
				"signal-exit": "3.0.2"
			}
		},
		"run-parallel": {
			"version": "1.1.7",
			"resolved": "https://registry.npmjs.org/run-parallel/-/run-parallel-1.1.7.tgz",
			"integrity": "sha512-nB641a6enJOh0fdsFHR9SiVCiOlAyjMplImDdjV3kWCzJZw9rwzvGwmpGuPmfX//Yxblh0pkzPcFcxA81iwmxA=="
		},
		"safe-buffer": {
			"version": "5.1.1",
			"resolved": "https://registry.npmjs.org/safe-buffer/-/safe-buffer-5.1.1.tgz",
			"integrity": "sha512-kKvNJn6Mm93gAczWVJg7wH+wGYWNrDHdWvpUmHyEsgCtIwwo3bqPtV4tR5tuPaUhTOo/kvhVwd8XwwOllGYkbg=="
		},
		"set-immediate-shim": {
			"version": "1.0.1",
			"resolved": "https://registry.npmjs.org/set-immediate-shim/-/set-immediate-shim-1.0.1.tgz",
			"integrity": "sha1-SysbJ+uAip+NzEgaWOXlb1mfP2E="
		},
		"shebang-command": {
			"version": "1.2.0",
			"resolved": "https://registry.npmjs.org/shebang-command/-/shebang-command-1.2.0.tgz",
			"integrity": "sha1-RKrGW2lbAzmJaMOfNj/uXer98eo=",
			"requires": {
				"shebang-regex": "1.0.0"
			}
		},
		"shebang-regex": {
			"version": "1.0.0",
			"resolved": "https://registry.npmjs.org/shebang-regex/-/shebang-regex-1.0.0.tgz",
			"integrity": "sha1-2kL0l0DAtC2yypcoVxyxkMmO/qM="
		},
		"signal-exit": {
			"version": "3.0.2",
			"resolved": "https://registry.npmjs.org/signal-exit/-/signal-exit-3.0.2.tgz",
			"integrity": "sha1-tf3AjxKH6hF4Yo5BXiUTK3NkbG0="
		},
		"split2": {
			"version": "1.1.1",
			"resolved": "https://registry.npmjs.org/split2/-/split2-1.1.1.tgz",
			"integrity": "sha1-Fi2bGIZfAqsvKtlYVSLbm1TEgfk=",
			"requires": {
				"through2": "2.0.3"
			}
		},
		"string_decoder": {
			"version": "1.0.3",
			"resolved": "https://registry.npmjs.org/string_decoder/-/string_decoder-1.0.3.tgz",
			"integrity": "sha512-4AH6Z5fzNNBcH+6XDMfA/BTt87skxqJlO0lAh3Dker5zThcAxG6mKz+iGu308UKoPPQ8Dcqx/4JhujzltRa+hQ==",
			"requires": {
				"safe-buffer": "5.1.1"
			}
		},
		"strip-ansi": {
			"version": "4.0.0",
			"resolved": "https://registry.npmjs.org/strip-ansi/-/strip-ansi-4.0.0.tgz",
			"integrity": "sha1-qEeQIusaw2iocTibY1JixQXuNo8=",
			"requires": {
				"ansi-regex": "3.0.0"
			}
		},
		"strip-eof": {
			"version": "1.0.0",
			"resolved": "https://registry.npmjs.org/strip-eof/-/strip-eof-1.0.0.tgz",
			"integrity": "sha1-u0P/VZim6wXYm1n80SnJgzE2Br8="
		},
		"supports-color": {
			"version": "5.3.0",
			"resolved": "https://registry.npmjs.org/supports-color/-/supports-color-5.3.0.tgz",
			"integrity": "sha512-0aP01LLIskjKs3lq52EC0aGBAJhLq7B2Rd8HC/DR/PtNNpcLilNmHC12O+hu0usQpo7wtHNRqtrhBwtDb0+dNg==",
			"requires": {
				"has-flag": "3.0.0"
			}
		},
		"through2": {
			"version": "2.0.3",
			"resolved": "https://registry.npmjs.org/through2/-/through2-2.0.3.tgz",
			"integrity": "sha1-AARWmzfHx0ujnEPzzteNGtlBQL4=",
			"requires": {
				"readable-stream": "2.3.5",
				"xtend": "4.0.1"
			}
		},
		"universalify": {
			"version": "0.1.1",
			"resolved": "https://registry.npmjs.org/universalify/-/universalify-0.1.1.tgz",
			"integrity": "sha1-+nG63UQ3r0wUiEHjs7Fl+enlkLc="
		},
		"util-deprecate": {
			"version": "1.0.2",
			"resolved": "https://registry.npmjs.org/util-deprecate/-/util-deprecate-1.0.2.tgz",
			"integrity": "sha1-RQ1Nyfpw3nMnYvvS1KKJgUGaDM8="
		},
		"wcwidth": {
			"version": "1.0.1",
			"resolved": "https://registry.npmjs.org/wcwidth/-/wcwidth-1.0.1.tgz",
			"integrity": "sha1-8LDc+RW8X/FSivrbLA4XtTLaL+g=",
			"requires": {
				"defaults": "1.0.3"
			}
		},
		"which": {
			"version": "1.3.0",
			"resolved": "https://registry.npmjs.org/which/-/which-1.3.0.tgz",
			"integrity": "sha512-xcJpopdamTuY5duC/KnTTNBraPK54YwpenP4lzxU8H91GudWpFv38u0CKjclE1Wi2EH2EDz5LRcHcKbCIzqGyg==",
			"requires": {
				"isexe": "2.0.0"
			}
		},
		"wrappy": {
			"version": "1.0.2",
			"resolved": "https://registry.npmjs.org/wrappy/-/wrappy-1.0.2.tgz",
			"integrity": "sha1-tSQ9jz7BqjXxNkYFvA0QNuMKtp8="
		},
		"xtend": {
			"version": "4.0.1",
			"resolved": "https://registry.npmjs.org/xtend/-/xtend-4.0.1.tgz",
			"integrity": "sha1-pcbVMr5lbiPbgg77lDofBJmNY68="
		},
		"yallist": {
			"version": "2.1.2",
			"resolved": "https://registry.npmjs.org/yallist/-/yallist-2.1.2.tgz",
			"integrity": "sha1-HBH5IY8HYImkfdUS+TxmmaaoHVI="
		}
	}
}
